// !$*UTF8*$!
{
	archiveVersion = 1;
	classes = {
	};
	objectVersion = 77;
	objects = {

/* Begin PBXBuildFile section */
		046591142DB3BDE800AE5AD6 /* HometView.swift in Sources */ = {isa = PBXBuildFile; fileRef = 046591132DB3BDE800AE5AD6 /* HometView.swift */; };
		0465911F2DB3BFA000AE5AD6 /* PrintManager.swift in Sources */ = {isa = PBXBuildFile; fileRef = 0465911E2DB3BFA000AE5AD6 /* PrintManager.swift */; };
		046591252DB3C3E100AE5AD6 /* HandTap_icon.swift in Sources */ = {isa = PBXBuildFile; fileRef = 046591242DB3C3E100AE5AD6 /* HandTap_icon.swift */; };
		046591272DB3C7D600AE5AD6 /* HeaderView.swift in Sources */ = {isa = PBXBuildFile; fileRef = 046591262DB3C7D600AE5AD6 /* HeaderView.swift */; };
		046591292DB45D2D00AE5AD6 /* iCloudTestManager.swift in Sources */ = {isa = PBXBuildFile; fileRef = 046591282DB45D2D00AE5AD6 /* iCloudTestManager.swift */; };
		0465912E2DB4ADE800AE5AD6 /* CheckStatusButton.swift in Sources */ = {isa = PBXBuildFile; fileRef = 0465912D2DB4ADE800AE5AD6 /* CheckStatusButton.swift */; };
		046591322DB4BB1200AE5AD6 /* SettingsView.swift in Sources */ = {isa = PBXBuildFile; fileRef = 046591312DB4BB1200AE5AD6 /* SettingsView.swift */; };
		0465913A2DB4C45200AE5AD6 /* CombiendView.swift in Sources */ = {isa = PBXBuildFile; fileRef = 046591392DB4C45200AE5AD6 /* CombiendView.swift */; };
		0465913C2DB4C49700AE5AD6 /* DebugView.swift in Sources */ = {isa = PBXBuildFile; fileRef = 0465913B2DB4C49700AE5AD6 /* DebugView.swift */; };
		0465913E2DB4C79F00AE5AD6 /* TopRightMenu.swift in Sources */ = {isa = PBXBuildFile; fileRef = 0465913D2DB4C79F00AE5AD6 /* TopRightMenu.swift */; };
		046591402DB4CAF400AE5AD6 /* MenuNavigationRouter.swift in Sources */ = {isa = PBXBuildFile; fileRef = 0465913F2DB4CAF400AE5AD6 /* MenuNavigationRouter.swift */; };
		046591422DB4CD7300AE5AD6 /* MainHomeContentView.swift in Sources */ = {isa = PBXBuildFile; fileRef = 046591412DB4CD7300AE5AD6 /* MainHomeContentView.swift */; };
		046591492DB4D55700AE5AD6 /* InputFieldAndSendData.swift in Sources */ = {isa = PBXBuildFile; fileRef = 046591482DB4D55700AE5AD6 /* InputFieldAndSendData.swift */; };
/* End PBXBuildFile section */

/* Begin PBXFileReference section */
		0465910E2DB3BDE800AE5AD6 /* TestCloudKit.app */ = {isa = PBXFileReference; explicitFileType = wrapper.application; includeInIndex = 0; path = TestCloudKit.app; sourceTree = BUILT_PRODUCTS_DIR; };
		046591132DB3BDE800AE5AD6 /* HometView.swift */ = {isa = PBXFileReference; lastKnownFileType = sourcecode.swift; path = HometView.swift; sourceTree = "<group>"; };
		0465911E2DB3BFA000AE5AD6 /* PrintManager.swift */ = {isa = PBXFileReference; lastKnownFileType = sourcecode.swift; path = PrintManager.swift; sourceTree = "<group>"; };
		046591242DB3C3E100AE5AD6 /* HandTap_icon.swift */ = {isa = PBXFileReference; lastKnownFileType = sourcecode.swift; path = HandTap_icon.swift; sourceTree = "<group>"; };
		046591262DB3C7D600AE5AD6 /* HeaderView.swift */ = {isa = PBXFileReference; lastKnownFileType = sourcecode.swift; path = HeaderView.swift; sourceTree = "<group>"; };
		046591282DB45D2D00AE5AD6 /* iCloudTestManager.swift */ = {isa = PBXFileReference; lastKnownFileType = sourcecode.swift; path = iCloudTestManager.swift; sourceTree = "<group>"; };
		0465912D2DB4ADE800AE5AD6 /* CheckStatusButton.swift */ = {isa = PBXFileReference; lastKnownFileType = sourcecode.swift; path = CheckStatusButton.swift; sourceTree = "<group>"; };
		046591312DB4BB1200AE5AD6 /* SettingsView.swift */ = {isa = PBXFileReference; lastKnownFileType = sourcecode.swift; path = SettingsView.swift; sourceTree = "<group>"; };
		046591392DB4C45200AE5AD6 /* CombiendView.swift */ = {isa = PBXFileReference; lastKnownFileType = sourcecode.swift; path = CombiendView.swift; sourceTree = "<group>"; };
		0465913B2DB4C49700AE5AD6 /* DebugView.swift */ = {isa = PBXFileReference; lastKnownFileType = sourcecode.swift; path = DebugView.swift; sourceTree = "<group>"; };
		0465913D2DB4C79F00AE5AD6 /* TopRightMenu.swift */ = {isa = PBXFileReference; lastKnownFileType = sourcecode.swift; path = TopRightMenu.swift; sourceTree = "<group>"; };
		0465913F2DB4CAF400AE5AD6 /* MenuNavigationRouter.swift */ = {isa = PBXFileReference; lastKnownFileType = sourcecode.swift; path = MenuNavigationRouter.swift; sourceTree = "<group>"; };
		046591412DB4CD7300AE5AD6 /* MainHomeContentView.swift */ = {isa = PBXFileReference; lastKnownFileType = sourcecode.swift; path = MainHomeContentView.swift; sourceTree = "<group>"; };
		046591482DB4D55700AE5AD6 /* InputFieldAndSendData.swift */ = {isa = PBXFileReference; lastKnownFileType = sourcecode.swift; path = InputFieldAndSendData.swift; sourceTree = "<group>"; };
/* End PBXFileReference section */

/* Begin PBXFileSystemSynchronizedRootGroup section */
		046591102DB3BDE800AE5AD6 /* TestCloudKit */ = {
			isa = PBXFileSystemSynchronizedRootGroup;
			path = TestCloudKit;
			sourceTree = "<group>";
		};
/* End PBXFileSystemSynchronizedRootGroup section */

/* Begin PBXFrameworksBuildPhase section */
		0465910B2DB3BDE800AE5AD6 /* Frameworks */ = {
			isa = PBXFrameworksBuildPhase;
			buildActionMask = 2147483647;
			files = (
			);
			runOnlyForDeploymentPostprocessing = 0;
		};
/* End PBXFrameworksBuildPhase section */

/* Begin PBXGroup section */
		046591052DB3BDE800AE5AD6 = {
			isa = PBXGroup;
			children = (
				046591352DB4C3F000AE5AD6 /* Screen */,
				0465911D2DB3BE2B00AE5AD6 /* Logic */,
				0465911C2DB3BDFE00AE5AD6 /* Component */,
				046591102DB3BDE800AE5AD6 /* TestCloudKit */,
				0465910F2DB3BDE800AE5AD6 /* Products */,
			);
			sourceTree = "<group>";
		};
		0465910F2DB3BDE800AE5AD6 /* Products */ = {
			isa = PBXGroup;
			children = (
				0465910E2DB3BDE800AE5AD6 /* TestCloudKit.app */,
			);
			name = Products;
			sourceTree = "<group>";
		};
		0465911C2DB3BDFE00AE5AD6 /* Component */ = {
			isa = PBXGroup;
			children = (
				046591242DB3C3E100AE5AD6 /* HandTap_icon.swift */,
				046591262DB3C7D600AE5AD6 /* HeaderView.swift */,
				0465912D2DB4ADE800AE5AD6 /* CheckStatusButton.swift */,
				0465913D2DB4C79F00AE5AD6 /* TopRightMenu.swift */,
				0465913F2DB4CAF400AE5AD6 /* MenuNavigationRouter.swift */,
				046591482DB4D55700AE5AD6 /* InputFieldAndSendData.swift */,
			);
			path = Component;
			sourceTree = "<group>";
		};
		0465911D2DB3BE2B00AE5AD6 /* Logic */ = {
			isa = PBXGroup;
			children = (
				0465911E2DB3BFA000AE5AD6 /* PrintManager.swift */,
				046591282DB45D2D00AE5AD6 /* iCloudTestManager.swift */,
			);
			path = Logic;
			sourceTree = "<group>";
		};
		046591352DB4C3F000AE5AD6 /* Screen */ = {
			isa = PBXGroup;
			children = (
				046591382DB4C42C00AE5AD6 /* Combined */,
				046591362DB4C40D00AE5AD6 /* Home */,
			);
			path = Screen;
			sourceTree = "<group>";
		};
		046591362DB4C40D00AE5AD6 /* Home */ = {
			isa = PBXGroup;
			children = (
				046591132DB3BDE800AE5AD6 /* HometView.swift */,
			);
			path = Home;
			sourceTree = "<group>";
		};
		046591382DB4C42C00AE5AD6 /* Combined */ = {
			isa = PBXGroup;
			children = (
				046591312DB4BB1200AE5AD6 /* SettingsView.swift */,
				046591392DB4C45200AE5AD6 /* CombiendView.swift */,
				0465913B2DB4C49700AE5AD6 /* DebugView.swift */,
				046591412DB4CD7300AE5AD6 /* MainHomeContentView.swift */,
			);
			path = Combined;
			sourceTree = "<group>";
		};
/* End PBXGroup section */

/* Begin PBXNativeTarget section */
		0465910D2DB3BDE800AE5AD6 /* TestCloudKit */ = {
			isa = PBXNativeTarget;
			buildConfigurationList = 046591192DB3BDE800AE5AD6 /* Build configuration list for PBXNativeTarget "TestCloudKit" */;
			buildPhases = (
				0465910A2DB3BDE800AE5AD6 /* Sources */,
				0465910B2DB3BDE800AE5AD6 /* Frameworks */,
				0465910C2DB3BDE800AE5AD6 /* Resources */,
			);
			buildRules = (
			);
			dependencies = (
			);
			fileSystemSynchronizedGroups = (
				046591102DB3BDE800AE5AD6 /* TestCloudKit */,
			);
			name = TestCloudKit;
			packageProductDependencies = (
			);
			productName = TestCloudKit;
			productReference = 0465910E2DB3BDE800AE5AD6 /* TestCloudKit.app */;
			productType = "com.apple.product-type.application";
		};
/* End PBXNativeTarget section */

/* Begin PBXProject section */
		046591062DB3BDE800AE5AD6 /* Project object */ = {
			isa = PBXProject;
			attributes = {
				BuildIndependentTargetsInParallel = 1;
				LastSwiftUpdateCheck = 1630;
				LastUpgradeCheck = 1630;
				TargetAttributes = {
					0465910D2DB3BDE800AE5AD6 = {
						CreatedOnToolsVersion = 16.3;
					};
				};
			};
			buildConfigurationList = 046591092DB3BDE800AE5AD6 /* Build configuration list for PBXProject "TestCloudKit" */;
			developmentRegion = en;
			hasScannedForEncodings = 0;
			knownRegions = (
				en,
				Base,
			);
			mainGroup = 046591052DB3BDE800AE5AD6;
			minimizedProjectReferenceProxies = 1;
			preferredProjectObjectVersion = 77;
			productRefGroup = 0465910F2DB3BDE800AE5AD6 /* Products */;
			projectDirPath = "";
			projectRoot = "";
			targets = (
				0465910D2DB3BDE800AE5AD6 /* TestCloudKit */,
			);
		};
/* End PBXProject section */

/* Begin PBXResourcesBuildPhase section */
		0465910C2DB3BDE800AE5AD6 /* Resources */ = {
			isa = PBXResourcesBuildPhase;
			buildActionMask = 2147483647;
			files = (
			);
			runOnlyForDeploymentPostprocessing = 0;
		};
/* End PBXResourcesBuildPhase section */

/* Begin PBXSourcesBuildPhase section */
		0465910A2DB3BDE800AE5AD6 /* Sources */ = {
			isa = PBXSourcesBuildPhase;
			buildActionMask = 2147483647;
			files = (
				046591272DB3C7D600AE5AD6 /* HeaderView.swift in Sources */,
				046591322DB4BB1200AE5AD6 /* SettingsView.swift in Sources */,
				046591422DB4CD7300AE5AD6 /* MainHomeContentView.swift in Sources */,
				0465912E2DB4ADE800AE5AD6 /* CheckStatusButton.swift in Sources */,
				046591292DB45D2D00AE5AD6 /* iCloudTestManager.swift in Sources */,
				046591252DB3C3E100AE5AD6 /* HandTap_icon.swift in Sources */,
				046591142DB3BDE800AE5AD6 /* HometView.swift in Sources */,
				046591492DB4D55700AE5AD6 /* InputFieldAndSendData.swift in Sources */,
				0465913C2DB4C49700AE5AD6 /* DebugView.swift in Sources */,
				0465913A2DB4C45200AE5AD6 /* CombiendView.swift in Sources */,
				0465913E2DB4C79F00AE5AD6 /* TopRightMenu.swift in Sources */,
				0465911F2DB3BFA000AE5AD6 /* PrintManager.swift in Sources */,
				046591402DB4CAF400AE5AD6 /* MenuNavigationRouter.swift in Sources */,
			);
			runOnlyForDeploymentPostprocessing = 0;
		};
/* End PBXSourcesBuildPhase section */

/* Begin XCBuildConfiguration section */
		046591172DB3BDE800AE5AD6 /* Debug */ = {
			isa = XCBuildConfiguration;
			buildSettings = {
				ALWAYS_SEARCH_USER_PATHS = NO;
				ASSETCATALOG_COMPILER_GENERATE_SWIFT_ASSET_SYMBOL_EXTENSIONS = YES;
				CLANG_ANALYZER_NONNULL = YES;
				CLANG_ANALYZER_NUMBER_OBJECT_CONVERSION = YES_AGGRESSIVE;
				CLANG_CXX_LANGUAGE_STANDARD = "gnu++20";
				CLANG_ENABLE_MODULES = YES;
				CLANG_ENABLE_OBJC_ARC = YES;
				CLANG_ENABLE_OBJC_WEAK = YES;
				CLANG_WARN_BLOCK_CAPTURE_AUTORELEASING = YES;
				CLANG_WARN_BOOL_CONVERSION = YES;
				CLANG_WARN_COMMA = YES;
				CLANG_WARN_CONSTANT_CONVERSION = YES;
				CLANG_WARN_DEPRECATED_OBJC_IMPLEMENTATIONS = YES;
				CLANG_WARN_DIRECT_OBJC_ISA_USAGE = YES_ERROR;
				CLANG_WARN_DOCUMENTATION_COMMENTS = YES;
				CLANG_WARN_EMPTY_BODY = YES;
				CLANG_WARN_ENUM_CONVERSION = YES;
				CLANG_WARN_INFINITE_RECURSION = YES;
				CLANG_WARN_INT_CONVERSION = YES;
				CLANG_WARN_NON_LITERAL_NULL_CONVERSION = YES;
				CLANG_WARN_OBJC_IMPLICIT_RETAIN_SELF = YES;
				CLANG_WARN_OBJC_LITERAL_CONVERSION = YES;
				CLANG_WARN_OBJC_ROOT_CLASS = YES_ERROR;
				CLANG_WARN_QUOTED_INCLUDE_IN_FRAMEWORK_HEADER = YES;
				CLANG_WARN_RANGE_LOOP_ANALYSIS = YES;
				CLANG_WARN_STRICT_PROTOTYPES = YES;
				CLANG_WARN_SUSPICIOUS_MOVE = YES;
				CLANG_WARN_UNGUARDED_AVAILABILITY = YES_AGGRESSIVE;
				CLANG_WARN_UNREACHABLE_CODE = YES;
				CLANG_WARN__DUPLICATE_METHOD_MATCH = YES;
				COPY_PHASE_STRIP = NO;
				DEBUG_INFORMATION_FORMAT = dwarf;
				DEVELOPMENT_TEAM = 6CWV69GPSZ;
				ENABLE_STRICT_OBJC_MSGSEND = YES;
				ENABLE_TESTABILITY = YES;
				ENABLE_USER_SCRIPT_SANDBOXING = YES;
				GCC_C_LANGUAGE_STANDARD = gnu17;
				GCC_DYNAMIC_NO_PIC = NO;
				GCC_NO_COMMON_BLOCKS = YES;
				GCC_OPTIMIZATION_LEVEL = 0;
				GCC_PREPROCESSOR_DEFINITIONS = (
					"DEBUG=1",
					"$(inherited)",
				);
				GCC_WARN_64_TO_32_BIT_CONVERSION = YES;
				GCC_WARN_ABOUT_RETURN_TYPE = YES_ERROR;
				GCC_WARN_UNDECLARED_SELECTOR = YES;
				GCC_WARN_UNINITIALIZED_AUTOS = YES_AGGRESSIVE;
				GCC_WARN_UNUSED_FUNCTION = YES;
				GCC_WARN_UNUSED_VARIABLE = YES;
				IPHONEOS_DEPLOYMENT_TARGET = 18.4;
				LOCALIZATION_PREFERS_STRING_CATALOGS = YES;
				MTL_ENABLE_DEBUG_INFO = INCLUDE_SOURCE;
				MTL_FAST_MATH = YES;
				ONLY_ACTIVE_ARCH = YES;
				SDKROOT = iphoneos;
				SWIFT_ACTIVE_COMPILATION_CONDITIONS = "DEBUG $(inherited)";
				SWIFT_OPTIMIZATION_LEVEL = "-Onone";
			};
			name = Debug;
		};
		046591182DB3BDE800AE5AD6 /* Release */ = {
			isa = XCBuildConfiguration;
			buildSettings = {
				ALWAYS_SEARCH_USER_PATHS = NO;
				ASSETCATALOG_COMPILER_GENERATE_SWIFT_ASSET_SYMBOL_EXTENSIONS = YES;
				CLANG_ANALYZER_NONNULL = YES;
				CLANG_ANALYZER_NUMBER_OBJECT_CONVERSION = YES_AGGRESSIVE;
				CLANG_CXX_LANGUAGE_STANDARD = "gnu++20";
				CLANG_ENABLE_MODULES = YES;
				CLANG_ENABLE_OBJC_ARC = YES;
				CLANG_ENABLE_OBJC_WEAK = YES;
				CLANG_WARN_BLOCK_CAPTURE_AUTORELEASING = YES;
				CLANG_WARN_BOOL_CONVERSION = YES;
				CLANG_WARN_COMMA = YES;
				CLANG_WARN_CONSTANT_CONVERSION = YES;
				CLANG_WARN_DEPRECATED_OBJC_IMPLEMENTATIONS = YES;
				CLANG_WARN_DIRECT_OBJC_ISA_USAGE = YES_ERROR;
				CLANG_WARN_DOCUMENTATION_COMMENTS = YES;
				CLANG_WARN_EMPTY_BODY = YES;
				CLANG_WARN_ENUM_CONVERSION = YES;
				CLANG_WARN_INFINITE_RECURSION = YES;
				CLANG_WARN_INT_CONVERSION = YES;
				CLANG_WARN_NON_LITERAL_NULL_CONVERSION = YES;
				CLANG_WARN_OBJC_IMPLICIT_RETAIN_SELF = YES;
				CLANG_WARN_OBJC_LITERAL_CONVERSION = YES;
				CLANG_WARN_OBJC_ROOT_CLASS = YES_ERROR;
				CLANG_WARN_QUOTED_INCLUDE_IN_FRAMEWORK_HEADER = YES;
				CLANG_WARN_RANGE_LOOP_ANALYSIS = YES;
				CLANG_WARN_STRICT_PROTOTYPES = YES;
				CLANG_WARN_SUSPICIOUS_MOVE = YES;
				CLANG_WARN_UNGUARDED_AVAILABILITY = YES_AGGRESSIVE;
				CLANG_WARN_UNREACHABLE_CODE = YES;
				CLANG_WARN__DUPLICATE_METHOD_MATCH = YES;
				COPY_PHASE_STRIP = NO;
				DEBUG_INFORMATION_FORMAT = "dwarf-with-dsym";
				DEVELOPMENT_TEAM = 6CWV69GPSZ;
				ENABLE_NS_ASSERTIONS = NO;
				ENABLE_STRICT_OBJC_MSGSEND = YES;
				ENABLE_USER_SCRIPT_SANDBOXING = YES;
				GCC_C_LANGUAGE_STANDARD = gnu17;
				GCC_NO_COMMON_BLOCKS = YES;
				GCC_WARN_64_TO_32_BIT_CONVERSION = YES;
				GCC_WARN_ABOUT_RETURN_TYPE = YES_ERROR;
				GCC_WARN_UNDECLARED_SELECTOR = YES;
				GCC_WARN_UNINITIALIZED_AUTOS = YES_AGGRESSIVE;
				GCC_WARN_UNUSED_FUNCTION = YES;
				GCC_WARN_UNUSED_VARIABLE = YES;
				IPHONEOS_DEPLOYMENT_TARGET = 18.4;
				LOCALIZATION_PREFERS_STRING_CATALOGS = YES;
				MTL_ENABLE_DEBUG_INFO = NO;
				MTL_FAST_MATH = YES;
				SDKROOT = iphoneos;
				SWIFT_COMPILATION_MODE = wholemodule;
				VALIDATE_PRODUCT = YES;
			};
			name = Release;
		};
		0465911A2DB3BDE800AE5AD6 /* Debug */ = {
			isa = XCBuildConfiguration;
			buildSettings = {
				ASSETCATALOG_COMPILER_APPICON_NAME = AppIcon;
				ASSETCATALOG_COMPILER_GLOBAL_ACCENT_COLOR_NAME = AccentColor;
				CODE_SIGN_ENTITLEMENTS = TestCloudKit/TestCloudKit.entitlements;
				CODE_SIGN_STYLE = Automatic;
				CURRENT_PROJECT_VERSION = 1;
				DEVELOPMENT_TEAM = 6CWV69GPSZ;
				ENABLE_PREVIEWS = YES;
				GENERATE_INFOPLIST_FILE = YES;
				INFOPLIST_KEY_UIApplicationSceneManifest_Generation = YES;
				INFOPLIST_KEY_UIApplicationSupportsIndirectInputEvents = YES;
				INFOPLIST_KEY_UILaunchScreen_Generation = YES;
				INFOPLIST_KEY_UISupportedInterfaceOrientations_iPad = "UIInterfaceOrientationPortrait UIInterfaceOrientationPortraitUpsideDown UIInterfaceOrientationLandscapeLeft UIInterfaceOrientationLandscapeRight";
				INFOPLIST_KEY_UISupportedInterfaceOrientations_iPhone = "UIInterfaceOrientationPortrait UIInterfaceOrientationLandscapeLeft UIInterfaceOrientationLandscapeRight";
				LD_RUNPATH_SEARCH_PATHS = (
					"$(inherited)",
					"@executable_path/Frameworks",
				);
				MARKETING_VERSION = 1.0;
				PRODUCT_BUNDLE_IDENTIFIER = com.org.TestCloudKit;
				PRODUCT_NAME = "$(TARGET_NAME)";
				SWIFT_EMIT_LOC_STRINGS = YES;
				SWIFT_VERSION = 5.0;
				TARGETED_DEVICE_FAMILY = "1,2";
			};
			name = Debug;
		};
		0465911B2DB3BDE800AE5AD6 /* Release */ = {
			isa = XCBuildConfiguration;
			buildSettings = {
				ASSETCATALOG_COMPILER_APPICON_NAME = AppIcon;
				ASSETCATALOG_COMPILER_GLOBAL_ACCENT_COLOR_NAME = AccentColor;
				CODE_SIGN_ENTITLEMENTS = TestCloudKit/TestCloudKit.entitlements;
				CODE_SIGN_STYLE = Automatic;
				CURRENT_PROJECT_VERSION = 1;
				DEVELOPMENT_TEAM = 6CWV69GPSZ;
				ENABLE_PREVIEWS = YES;
				GENERATE_INFOPLIST_FILE = YES;
				INFOPLIST_KEY_UIApplicationSceneManifest_Generation = YES;
				INFOPLIST_KEY_UIApplicationSupportsIndirectInputEvents = YES;
				INFOPLIST_KEY_UILaunchScreen_Generation = YES;
				INFOPLIST_KEY_UISupportedInterfaceOrientations_iPad = "UIInterfaceOrientationPortrait UIInterfaceOrientationPortraitUpsideDown UIInterfaceOrientationLandscapeLeft UIInterfaceOrientationLandscapeRight";
				INFOPLIST_KEY_UISupportedInterfaceOrientations_iPhone = "UIInterfaceOrientationPortrait UIInterfaceOrientationLandscapeLeft UIInterfaceOrientationLandscapeRight";
				LD_RUNPATH_SEARCH_PATHS = (
					"$(inherited)",
					"@executable_path/Frameworks",
				);
				MARKETING_VERSION = 1.0;
				PRODUCT_BUNDLE_IDENTIFIER = com.org.TestCloudKit;
				PRODUCT_NAME = "$(TARGET_NAME)";
				SWIFT_EMIT_LOC_STRINGS = YES;
				SWIFT_VERSION = 5.0;
				TARGETED_DEVICE_FAMILY = "1,2";
			};
			name = Release;
		};
/* End XCBuildConfiguration section */

/* Begin XCConfigurationList section */
		046591092DB3BDE800AE5AD6 /* Build configuration list for PBXProject "TestCloudKit" */ = {
			isa = XCConfigurationList;
			buildConfigurations = (
				046591172DB3BDE800AE5AD6 /* Debug */,
				046591182DB3BDE800AE5AD6 /* Release */,
			);
			defaultConfigurationIsVisible = 0;
			defaultConfigurationName = Release;
		};
		046591192DB3BDE800AE5AD6 /* Build configuration list for PBXNativeTarget "TestCloudKit" */ = {
			isa = XCConfigurationList;
			buildConfigurations = (
				0465911A2DB3BDE800AE5AD6 /* Debug */,
				0465911B2DB3BDE800AE5AD6 /* Release */,
			);
			defaultConfigurationIsVisible = 0;
			defaultConfigurationName = Release;
		};
/* End XCConfigurationList section */
	};
	rootObject = 046591062DB3BDE800AE5AD6 /* Project object */;
}
